// !$*UTF8*$!
{
	archiveVersion = 1;
	classes = {
	};
	objectVersion = 50;
	objects = {

/* Begin PBXBuildFile section */
		400009FF2280F7EE00B06607 /* AppDelegate.swift in Sources */ = {isa = PBXBuildFile; fileRef = 400009FE2280F7EE00B06607 /* AppDelegate.swift */; };
		40000A012280F7EE00B06607 /* ViewController.swift in Sources */ = {isa = PBXBuildFile; fileRef = 40000A002280F7EE00B06607 /* ViewController.swift */; };
		40000A042280F7EE00B06607 /* Main.storyboard in Resources */ = {isa = PBXBuildFile; fileRef = 40000A022280F7EE00B06607 /* Main.storyboard */; };
		40000A062280F7F200B06607 /* Assets.xcassets in Resources */ = {isa = PBXBuildFile; fileRef = 40000A052280F7F200B06607 /* Assets.xcassets */; };
		40000A092280F7F200B06607 /* LaunchScreen.storyboard in Resources */ = {isa = PBXBuildFile; fileRef = 40000A072280F7F200B06607 /* LaunchScreen.storyboard */; };
		40000A142280F7F200B06607 /* SuvrveyTests.swift in Sources */ = {isa = PBXBuildFile; fileRef = 40000A132280F7F200B06607 /* SuvrveyTests.swift */; };
		40000A1F2280F7F200B06607 /* SuvrveyUITests.swift in Sources */ = {isa = PBXBuildFile; fileRef = 40000A1E2280F7F200B06607 /* SuvrveyUITests.swift */; };
		B0EA176022828EDA00FD922A /* Survey.swift in Sources */ = {isa = PBXBuildFile; fileRef = B0EA175F22828EDA00FD922A /* Survey.swift */; };
		B0EA1762228294CC00FD922A /* TakeServeyController.swift in Sources */ = {isa = PBXBuildFile; fileRef = B0EA1761228294CC00FD922A /* TakeServeyController.swift */; };
		B0EA17642282A6F800FD922A /* SurveyCell.swift in Sources */ = {isa = PBXBuildFile; fileRef = B0EA17632282A6F800FD922A /* SurveyCell.swift */; };
/* End PBXBuildFile section */

/* Begin PBXContainerItemProxy section */
		40000A102280F7F200B06607 /* PBXContainerItemProxy */ = {
			isa = PBXContainerItemProxy;
			containerPortal = 400009F32280F7EE00B06607 /* Project object */;
			proxyType = 1;
			remoteGlobalIDString = 400009FA2280F7EE00B06607;
			remoteInfo = Suvrvey;
		};
		40000A1B2280F7F200B06607 /* PBXContainerItemProxy */ = {
			isa = PBXContainerItemProxy;
			containerPortal = 400009F32280F7EE00B06607 /* Project object */;
			proxyType = 1;
			remoteGlobalIDString = 400009FA2280F7EE00B06607;
			remoteInfo = Suvrvey;
		};
/* End PBXContainerItemProxy section */

/* Begin PBXFileReference section */
		400009FB2280F7EE00B06607 /* Suvrvey.app */ = {isa = PBXFileReference; explicitFileType = wrapper.application; includeInIndex = 0; path = Suvrvey.app; sourceTree = BUILT_PRODUCTS_DIR; };
		400009FE2280F7EE00B06607 /* AppDelegate.swift */ = {isa = PBXFileReference; lastKnownFileType = sourcecode.swift; path = AppDelegate.swift; sourceTree = "<group>"; };
		40000A002280F7EE00B06607 /* ViewController.swift */ = {isa = PBXFileReference; lastKnownFileType = sourcecode.swift; path = ViewController.swift; sourceTree = "<group>"; };
		40000A032280F7EE00B06607 /* Base */ = {isa = PBXFileReference; lastKnownFileType = file.storyboard; name = Base; path = Base.lproj/Main.storyboard; sourceTree = "<group>"; };
		40000A052280F7F200B06607 /* Assets.xcassets */ = {isa = PBXFileReference; lastKnownFileType = folder.assetcatalog; path = Assets.xcassets; sourceTree = "<group>"; };
		40000A082280F7F200B06607 /* Base */ = {isa = PBXFileReference; lastKnownFileType = file.storyboard; name = Base; path = Base.lproj/LaunchScreen.storyboard; sourceTree = "<group>"; };
		40000A0A2280F7F200B06607 /* Info.plist */ = {isa = PBXFileReference; lastKnownFileType = text.plist.xml; path = Info.plist; sourceTree = "<group>"; };
		40000A0F2280F7F200B06607 /* SuvrveyTests.xctest */ = {isa = PBXFileReference; explicitFileType = wrapper.cfbundle; includeInIndex = 0; path = SuvrveyTests.xctest; sourceTree = BUILT_PRODUCTS_DIR; };
		40000A132280F7F200B06607 /* SuvrveyTests.swift */ = {isa = PBXFileReference; lastKnownFileType = sourcecode.swift; path = SuvrveyTests.swift; sourceTree = "<group>"; };
		40000A152280F7F200B06607 /* Info.plist */ = {isa = PBXFileReference; lastKnownFileType = text.plist.xml; path = Info.plist; sourceTree = "<group>"; };
		40000A1A2280F7F200B06607 /* SuvrveyUITests.xctest */ = {isa = PBXFileReference; explicitFileType = wrapper.cfbundle; includeInIndex = 0; path = SuvrveyUITests.xctest; sourceTree = BUILT_PRODUCTS_DIR; };
		40000A1E2280F7F200B06607 /* SuvrveyUITests.swift */ = {isa = PBXFileReference; lastKnownFileType = sourcecode.swift; path = SuvrveyUITests.swift; sourceTree = "<group>"; };
		40000A202280F7F200B06607 /* Info.plist */ = {isa = PBXFileReference; lastKnownFileType = text.plist.xml; path = Info.plist; sourceTree = "<group>"; };
		B0EA175F22828EDA00FD922A /* Survey.swift */ = {isa = PBXFileReference; lastKnownFileType = sourcecode.swift; path = Survey.swift; sourceTree = "<group>"; };
		B0EA1761228294CC00FD922A /* TakeServeyController.swift */ = {isa = PBXFileReference; lastKnownFileType = sourcecode.swift; path = TakeServeyController.swift; sourceTree = "<group>"; };
		B0EA17632282A6F800FD922A /* SurveyCell.swift */ = {isa = PBXFileReference; lastKnownFileType = sourcecode.swift; path = SurveyCell.swift; sourceTree = "<group>"; };
/* End PBXFileReference section */

/* Begin PBXFrameworksBuildPhase section */
		400009F82280F7EE00B06607 /* Frameworks */ = {
			isa = PBXFrameworksBuildPhase;
			buildActionMask = 2147483647;
			files = (
			);
			runOnlyForDeploymentPostprocessing = 0;
		};
		40000A0C2280F7F200B06607 /* Frameworks */ = {
			isa = PBXFrameworksBuildPhase;
			buildActionMask = 2147483647;
			files = (
			);
			runOnlyForDeploymentPostprocessing = 0;
		};
		40000A172280F7F200B06607 /* Frameworks */ = {
			isa = PBXFrameworksBuildPhase;
			buildActionMask = 2147483647;
			files = (
			);
			runOnlyForDeploymentPostprocessing = 0;
		};
/* End PBXFrameworksBuildPhase section */

/* Begin PBXGroup section */
		400009F22280F7EE00B06607 = {
			isa = PBXGroup;
			children = (
				400009FD2280F7EE00B06607 /* Suvrvey */,
				40000A122280F7F200B06607 /* SuvrveyTests */,
				40000A1D2280F7F200B06607 /* SuvrveyUITests */,
				400009FC2280F7EE00B06607 /* Products */,
			);
			sourceTree = "<group>";
		};
		400009FC2280F7EE00B06607 /* Products */ = {
			isa = PBXGroup;
			children = (
				400009FB2280F7EE00B06607 /* Suvrvey.app */,
				40000A0F2280F7F200B06607 /* SuvrveyTests.xctest */,
				40000A1A2280F7F200B06607 /* SuvrveyUITests.xctest */,
			);
			name = Products;
			sourceTree = "<group>";
		};
		400009FD2280F7EE00B06607 /* Suvrvey */ = {
			isa = PBXGroup;
			children = (
				400009FE2280F7EE00B06607 /* AppDelegate.swift */,
				40000A002280F7EE00B06607 /* ViewController.swift */,
				B0EA1761228294CC00FD922A /* TakeServeyController.swift */,
				40000A022280F7EE00B06607 /* Main.storyboard */,
				B0EA17632282A6F800FD922A /* SurveyCell.swift */,
				B0EA175F22828EDA00FD922A /* Survey.swift */,
				40000A052280F7F200B06607 /* Assets.xcassets */,
				40000A072280F7F200B06607 /* LaunchScreen.storyboard */,
				40000A0A2280F7F200B06607 /* Info.plist */,
			);
			path = Suvrvey;
			sourceTree = "<group>";
		};
		40000A122280F7F200B06607 /* SuvrveyTests */ = {
			isa = PBXGroup;
			children = (
				40000A132280F7F200B06607 /* SuvrveyTests.swift */,
				40000A152280F7F200B06607 /* Info.plist */,
			);
			path = SuvrveyTests;
			sourceTree = "<group>";
		};
		40000A1D2280F7F200B06607 /* SuvrveyUITests */ = {
			isa = PBXGroup;
			children = (
				40000A1E2280F7F200B06607 /* SuvrveyUITests.swift */,
				40000A202280F7F200B06607 /* Info.plist */,
			);
			path = SuvrveyUITests;
			sourceTree = "<group>";
		};
/* End PBXGroup section */

/* Begin PBXNativeTarget section */
		400009FA2280F7EE00B06607 /* Suvrvey */ = {
			isa = PBXNativeTarget;
			buildConfigurationList = 40000A232280F7F200B06607 /* Build configuration list for PBXNativeTarget "Suvrvey" */;
			buildPhases = (
				400009F72280F7EE00B06607 /* Sources */,
				400009F82280F7EE00B06607 /* Frameworks */,
				400009F92280F7EE00B06607 /* Resources */,
			);
			buildRules = (
			);
			dependencies = (
			);
			name = Suvrvey;
			productName = Suvrvey;
			productReference = 400009FB2280F7EE00B06607 /* Suvrvey.app */;
			productType = "com.apple.product-type.application";
		};
		40000A0E2280F7F200B06607 /* SuvrveyTests */ = {
			isa = PBXNativeTarget;
			buildConfigurationList = 40000A262280F7F200B06607 /* Build configuration list for PBXNativeTarget "SuvrveyTests" */;
			buildPhases = (
				40000A0B2280F7F200B06607 /* Sources */,
				40000A0C2280F7F200B06607 /* Frameworks */,
				40000A0D2280F7F200B06607 /* Resources */,
			);
			buildRules = (
			);
			dependencies = (
				40000A112280F7F200B06607 /* PBXTargetDependency */,
			);
			name = SuvrveyTests;
			productName = SuvrveyTests;
			productReference = 40000A0F2280F7F200B06607 /* SuvrveyTests.xctest */;
			productType = "com.apple.product-type.bundle.unit-test";
		};
		40000A192280F7F200B06607 /* SuvrveyUITests */ = {
			isa = PBXNativeTarget;
			buildConfigurationList = 40000A292280F7F200B06607 /* Build configuration list for PBXNativeTarget "SuvrveyUITests" */;
			buildPhases = (
				40000A162280F7F200B06607 /* Sources */,
				40000A172280F7F200B06607 /* Frameworks */,
				40000A182280F7F200B06607 /* Resources */,
			);
			buildRules = (
			);
			dependencies = (
				40000A1C2280F7F200B06607 /* PBXTargetDependency */,
			);
			name = SuvrveyUITests;
			productName = SuvrveyUITests;
			productReference = 40000A1A2280F7F200B06607 /* SuvrveyUITests.xctest */;
			productType = "com.apple.product-type.bundle.ui-testing";
		};
/* End PBXNativeTarget section */

/* Begin PBXProject section */
		400009F32280F7EE00B06607 /* Project object */ = {
			isa = PBXProject;
			attributes = {
				LastSwiftUpdateCheck = 0940;
				LastUpgradeCheck = 0940;
				ORGANIZATIONNAME = "Malik Ata";
				TargetAttributes = {
					400009FA2280F7EE00B06607 = {
						CreatedOnToolsVersion = 9.4.1;
					};
					40000A0E2280F7F200B06607 = {
						CreatedOnToolsVersion = 9.4.1;
						TestTargetID = 400009FA2280F7EE00B06607;
					};
					40000A192280F7F200B06607 = {
						CreatedOnToolsVersion = 9.4.1;
						TestTargetID = 400009FA2280F7EE00B06607;
					};
				};
			};
			buildConfigurationList = 400009F62280F7EE00B06607 /* Build configuration list for PBXProject "Suvrvey" */;
			compatibilityVersion = "Xcode 9.3";
			developmentRegion = en;
			hasScannedForEncodings = 0;
			knownRegions = (
				en,
				Base,
			);
			mainGroup = 400009F22280F7EE00B06607;
			productRefGroup = 400009FC2280F7EE00B06607 /* Products */;
			projectDirPath = "";
			projectRoot = "";
			targets = (
				400009FA2280F7EE00B06607 /* Suvrvey */,
				40000A0E2280F7F200B06607 /* SuvrveyTests */,
				40000A192280F7F200B06607 /* SuvrveyUITests */,
			);
		};
/* End PBXProject section */

/* Begin PBXResourcesBuildPhase section */
		400009F92280F7EE00B06607 /* Resources */ = {
			isa = PBXResourcesBuildPhase;
			buildActionMask = 2147483647;
			files = (
				40000A092280F7F200B06607 /* LaunchScreen.storyboard in Resources */,
				40000A062280F7F200B06607 /* Assets.xcassets in Resources */,
				40000A042280F7EE00B06607 /* Main.storyboard in Resources */,
			);
			runOnlyForDeploymentPostprocessing = 0;
		};
		40000A0D2280F7F200B06607 /* Resources */ = {
			isa = PBXResourcesBuildPhase;
			buildActionMask = 2147483647;
			files = (
			);
			runOnlyForDeploymentPostprocessing = 0;
		};
		40000A182280F7F200B06607 /* Resources */ = {
			isa = PBXResourcesBuildPhase;
			buildActionMask = 2147483647;
			files = (
			);
			runOnlyForDeploymentPostprocessing = 0;
		};
/* End PBXResourcesBuildPhase section */

/* Begin PBXSourcesBuildPhase section */
		400009F72280F7EE00B06607 /* Sources */ = {
			isa = PBXSourcesBuildPhase;
			buildActionMask = 2147483647;
			files = (
				B0EA17642282A6F800FD922A /* SurveyCell.swift in Sources */,
				B0EA1762228294CC00FD922A /* TakeServeyController.swift in Sources */,
				B0EA176022828EDA00FD922A /* Survey.swift in Sources */,
				40000A012280F7EE00B06607 /* ViewController.swift in Sources */,
				400009FF2280F7EE00B06607 /* AppDelegate.swift in Sources */,
			);
			runOnlyForDeploymentPostprocessing = 0;
		};
		40000A0B2280F7F200B06607 /* Sources */ = {
			isa = PBXSourcesBuildPhase;
			buildActionMask = 2147483647;
			files = (
				40000A142280F7F200B06607 /* SuvrveyTests.swift in Sources */,
			);
			runOnlyForDeploymentPostprocessing = 0;
		};
		40000A162280F7F200B06607 /* Sources */ = {
			isa = PBXSourcesBuildPhase;
			buildActionMask = 2147483647;
			files = (
				40000A1F2280F7F200B06607 /* SuvrveyUITests.swift in Sources */,
			);
			runOnlyForDeploymentPostprocessing = 0;
		};
/* End PBXSourcesBuildPhase section */

/* Begin PBXTargetDependency section */
		40000A112280F7F200B06607 /* PBXTargetDependency */ = {
			isa = PBXTargetDependency;
			target = 400009FA2280F7EE00B06607 /* Suvrvey */;
			targetProxy = 40000A102280F7F200B06607 /* PBXContainerItemProxy */;
		};
		40000A1C2280F7F200B06607 /* PBXTargetDependency */ = {
			isa = PBXTargetDependency;
			target = 400009FA2280F7EE00B06607 /* Suvrvey */;
			targetProxy = 40000A1B2280F7F200B06607 /* PBXContainerItemProxy */;
		};
/* End PBXTargetDependency section */

/* Begin PBXVariantGroup section */
		40000A022280F7EE00B06607 /* Main.storyboard */ = {
			isa = PBXVariantGroup;
			children = (
				40000A032280F7EE00B06607 /* Base */,
			);
			name = Main.storyboard;
			sourceTree = "<group>";
		};
		40000A072280F7F200B06607 /* LaunchScreen.storyboard */ = {
			isa = PBXVariantGroup;
			children = (
				40000A082280F7F200B06607 /* Base */,
			);
			name = LaunchScreen.storyboard;
			sourceTree = "<group>";
		};
/* End PBXVariantGroup section */

/* Begin XCBuildConfiguration section */
		40000A212280F7F200B06607 /* Debug */ = {
			isa = XCBuildConfiguration;
			buildSettings = {
				ALWAYS_SEARCH_USER_PATHS = NO;
				CLANG_ANALYZER_NONNULL = YES;
				CLANG_ANALYZER_NUMBER_OBJECT_CONVERSION = YES_AGGRESSIVE;
				CLANG_CXX_LANGUAGE_STANDARD = "gnu++14";
				CLANG_CXX_LIBRARY = "libc++";
				CLANG_ENABLE_MODULES = YES;
				CLANG_ENABLE_OBJC_ARC = YES;
				CLANG_ENABLE_OBJC_WEAK = YES;
				CLANG_WARN_BLOCK_CAPTURE_AUTORELEASING = YES;
				CLANG_WARN_BOOL_CONVERSION = YES;
				CLANG_WARN_COMMA = YES;
				CLANG_WARN_CONSTANT_CONVERSION = YES;
				CLANG_WARN_DEPRECATED_OBJC_IMPLEMENTATIONS = YES;
				CLANG_WARN_DIRECT_OBJC_ISA_USAGE = YES_ERROR;
				CLANG_WARN_DOCUMENTATION_COMMENTS = YES;
				CLANG_WARN_EMPTY_BODY = YES;
				CLANG_WARN_ENUM_CONVERSION = YES;
				CLANG_WARN_INFINITE_RECURSION = YES;
				CLANG_WARN_INT_CONVERSION = YES;
				CLANG_WARN_NON_LITERAL_NULL_CONVERSION = YES;
				CLANG_WARN_OBJC_IMPLICIT_RETAIN_SELF = YES;
				CLANG_WARN_OBJC_LITERAL_CONVERSION = YES;
				CLANG_WARN_OBJC_ROOT_CLASS = YES_ERROR;
				CLANG_WARN_RANGE_LOOP_ANALYSIS = YES;
				CLANG_WARN_STRICT_PROTOTYPES = YES;
				CLANG_WARN_SUSPICIOUS_MOVE = YES;
				CLANG_WARN_UNGUARDED_AVAILABILITY = YES_AGGRESSIVE;
				CLANG_WARN_UNREACHABLE_CODE = YES;
				CLANG_WARN__DUPLICATE_METHOD_MATCH = YES;
				CODE_SIGN_IDENTITY = "iPhone Developer";
				COPY_PHASE_STRIP = NO;
				DEBUG_INFORMATION_FORMAT = dwarf;
				ENABLE_STRICT_OBJC_MSGSEND = YES;
				ENABLE_TESTABILITY = YES;
				GCC_C_LANGUAGE_STANDARD = gnu11;
				GCC_DYNAMIC_NO_PIC = NO;
				GCC_NO_COMMON_BLOCKS = YES;
				GCC_OPTIMIZATION_LEVEL = 0;
				GCC_PREPROCESSOR_DEFINITIONS = (
					"DEBUG=1",
					"$(inherited)",
				);
				GCC_WARN_64_TO_32_BIT_CONVERSION = YES;
				GCC_WARN_ABOUT_RETURN_TYPE = YES_ERROR;
				GCC_WARN_UNDECLARED_SELECTOR = YES;
				GCC_WARN_UNINITIALIZED_AUTOS = YES_AGGRESSIVE;
				GCC_WARN_UNUSED_FUNCTION = YES;
				GCC_WARN_UNUSED_VARIABLE = YES;
				IPHONEOS_DEPLOYMENT_TARGET = 11.4;
				MTL_ENABLE_DEBUG_INFO = YES;
				ONLY_ACTIVE_ARCH = YES;
				SDKROOT = iphoneos;
				SWIFT_ACTIVE_COMPILATION_CONDITIONS = DEBUG;
				SWIFT_OPTIMIZATION_LEVEL = "-Onone";
			};
			name = Debug;
		};
		40000A222280F7F200B06607 /* Release */ = {
			isa = XCBuildConfiguration;
			buildSettings = {
				ALWAYS_SEARCH_USER_PATHS = NO;
				CLANG_ANALYZER_NONNULL = YES;
				CLANG_ANALYZER_NUMBER_OBJECT_CONVERSION = YES_AGGRESSIVE;
				CLANG_CXX_LANGUAGE_STANDARD = "gnu++14";
				CLANG_CXX_LIBRARY = "libc++";
				CLANG_ENABLE_MODULES = YES;
				CLANG_ENABLE_OBJC_ARC = YES;
				CLANG_ENABLE_OBJC_WEAK = YES;
				CLANG_WARN_BLOCK_CAPTURE_AUTORELEASING = YES;
				CLANG_WARN_BOOL_CONVERSION = YES;
				CLANG_WARN_COMMA = YES;
				CLANG_WARN_CONSTANT_CONVERSION = YES;
				CLANG_WARN_DEPRECATED_OBJC_IMPLEMENTATIONS = YES;
				CLANG_WARN_DIRECT_OBJC_ISA_USAGE = YES_ERROR;
				CLANG_WARN_DOCUMENTATION_COMMENTS = YES;
				CLANG_WARN_EMPTY_BODY = YES;
				CLANG_WARN_ENUM_CONVERSION = YES;
				CLANG_WARN_INFINITE_RECURSION = YES;
				CLANG_WARN_INT_CONVERSION = YES;
				CLANG_WARN_NON_LITERAL_NULL_CONVERSION = YES;
				CLANG_WARN_OBJC_IMPLICIT_RETAIN_SELF = YES;
				CLANG_WARN_OBJC_LITERAL_CONVERSION = YES;
				CLANG_WARN_OBJC_ROOT_CLASS = YES_ERROR;
				CLANG_WARN_RANGE_LOOP_ANALYSIS = YES;
				CLANG_WARN_STRICT_PROTOTYPES = YES;
				CLANG_WARN_SUSPICIOUS_MOVE = YES;
				CLANG_WARN_UNGUARDED_AVAILABILITY = YES_AGGRESSIVE;
				CLANG_WARN_UNREACHABLE_CODE = YES;
				CLANG_WARN__DUPLICATE_METHOD_MATCH = YES;
				CODE_SIGN_IDENTITY = "iPhone Developer";
				COPY_PHASE_STRIP = NO;
				DEBUG_INFORMATION_FORMAT = "dwarf-with-dsym";
				ENABLE_NS_ASSERTIONS = NO;
				ENABLE_STRICT_OBJC_MSGSEND = YES;
				GCC_C_LANGUAGE_STANDARD = gnu11;
				GCC_NO_COMMON_BLOCKS = YES;
				GCC_WARN_64_TO_32_BIT_CONVERSION = YES;
				GCC_WARN_ABOUT_RETURN_TYPE = YES_ERROR;
				GCC_WARN_UNDECLARED_SELECTOR = YES;
				GCC_WARN_UNINITIALIZED_AUTOS = YES_AGGRESSIVE;
				GCC_WARN_UNUSED_FUNCTION = YES;
				GCC_WARN_UNUSED_VARIABLE = YES;
				IPHONEOS_DEPLOYMENT_TARGET = 11.4;
				MTL_ENABLE_DEBUG_INFO = NO;
				SDKROOT = iphoneos;
				SWIFT_COMPILATION_MODE = wholemodule;
				SWIFT_OPTIMIZATION_LEVEL = "-O";
				VALIDATE_PRODUCT = YES;
			};
			name = Release;
		};
		40000A242280F7F200B06607 /* Debug */ = {
			isa = XCBuildConfiguration;
			buildSettings = {
				ASSETCATALOG_COMPILER_APPICON_NAME = AppIcon;
				CODE_SIGN_STYLE = Automatic;
				DEVELOPMENT_TEAM = 6WA6Y7KBQJ;
				INFOPLIST_FILE = Suvrvey/Info.plist;
				LD_RUNPATH_SEARCH_PATHS = (
					"$(inherited)",
					"@executable_path/Frameworks",
				);
				PRODUCT_BUNDLE_IDENTIFIER = fs.Suvrvey;
				PRODUCT_NAME = "$(TARGET_NAME)";
				SWIFT_VERSION = 4.0;
				TARGETED_DEVICE_FAMILY = "1,2";
			};
			name = Debug;
		};
		40000A252280F7F200B06607 /* Release */ = {
			isa = XCBuildConfiguration;
			buildSettings = {
				ASSETCATALOG_COMPILER_APPICON_NAME = AppIcon;
				CODE_SIGN_STYLE = Automatic;
				DEVELOPMENT_TEAM = 6WA6Y7KBQJ;
				INFOPLIST_FILE = Suvrvey/Info.plist;
				LD_RUNPATH_SEARCH_PATHS = (
					"$(inherited)",
					"@executable_path/Frameworks",
				);
				PRODUCT_BUNDLE_IDENTIFIER = fs.Suvrvey;
				PRODUCT_NAME = "$(TARGET_NAME)";
				SWIFT_VERSION = 4.0;
				TARGETED_DEVICE_FAMILY = "1,2";
			};
			name = Release;
		};
		40000A272280F7F200B06607 /* Debug */ = {
			isa = XCBuildConfiguration;
			buildSettings = {
				ALWAYS_EMBED_SWIFT_STANDARD_LIBRARIES = YES;
				BUNDLE_LOADER = "$(TEST_HOST)";
				CODE_SIGN_STYLE = Automatic;
				INFOPLIST_FILE = SuvrveyTests/Info.plist;
				LD_RUNPATH_SEARCH_PATHS = (
					"$(inherited)",
					"@executable_path/Frameworks",
					"@loader_path/Frameworks",
				);
				PRODUCT_BUNDLE_IDENTIFIER = fs.SuvrveyTests;
				PRODUCT_NAME = "$(TARGET_NAME)";
				SWIFT_VERSION = 4.0;
				TARGETED_DEVICE_FAMILY = "1,2";
				TEST_HOST = "$(BUILT_PRODUCTS_DIR)/Suvrvey.app/Suvrvey";
			};
			name = Debug;
		};
		40000A282280F7F200B06607 /* Release */ = {
			isa = XCBuildConfiguration;
			buildSettings = {
				ALWAYS_EMBED_SWIFT_STANDARD_LIBRARIES = YES;
				BUNDLE_LOADER = "$(TEST_HOST)";
				CODE_SIGN_STYLE = Automatic;
				INFOPLIST_FILE = SuvrveyTests/Info.plist;
				LD_RUNPATH_SEARCH_PATHS = (
					"$(inherited)",
					"@executable_path/Frameworks",
					"@loader_path/Frameworks",
				);
				PRODUCT_BUNDLE_IDENTIFIER = fs.SuvrveyTests;
				PRODUCT_NAME = "$(TARGET_NAME)";
				SWIFT_VERSION = 4.0;
				TARGETED_DEVICE_FAMILY = "1,2";
				TEST_HOST = "$(BUILT_PRODUCTS_DIR)/Suvrvey.app/Suvrvey";
			};
			name = Release;
		};
		40000A2A2280F7F200B06607 /* Debug */ = {
			isa = XCBuildConfiguration;
			buildSettings = {
				ALWAYS_EMBED_SWIFT_STANDARD_LIBRARIES = YES;
				CODE_SIGN_STYLE = Automatic;
				INFOPLIST_FILE = SuvrveyUITests/Info.plist;
				LD_RUNPATH_SEARCH_PATHS = (
					"$(inherited)",
					"@executable_path/Frameworks",
					"@loader_path/Frameworks",
				);
				PRODUCT_BUNDLE_IDENTIFIER = fs.SuvrveyUITests;
				PRODUCT_NAME = "$(TARGET_NAME)";
				SWIFT_VERSION = 4.0;
				TARGETED_DEVICE_FAMILY = "1,2";
				TEST_TARGET_NAME = Suvrvey;
			};
			name = Debug;
		};
		40000A2B2280F7F200B06607 /* Release */ = {
			isa = XCBuildConfiguration;
			buildSettings = {
				ALWAYS_EMBED_SWIFT_STANDARD_LIBRARIES = YES;
				CODE_SIGN_STYLE = Automatic;
				INFOPLIST_FILE = SuvrveyUITests/Info.plist;
				LD_RUNPATH_SEARCH_PATHS = (
					"$(inherited)",
					"@executable_path/Frameworks",
					"@loader_path/Frameworks",
				);
				PRODUCT_BUNDLE_IDENTIFIER = fs.SuvrveyUITests;
				PRODUCT_NAME = "$(TARGET_NAME)";
				SWIFT_VERSION = 4.0;
				TARGETED_DEVICE_FAMILY = "1,2";
				TEST_TARGET_NAME = Suvrvey;
			};
			name = Release;
		};
/* End XCBuildConfiguration section */

/* Begin XCConfigurationList section */
		400009F62280F7EE00B06607 /* Build configuration list for PBXProject "Suvrvey" */ = {
			isa = XCConfigurationList;
			buildConfigurations = (
				40000A212280F7F200B06607 /* Debug */,
				40000A222280F7F200B06607 /* Release */,
			);
			defaultConfigurationIsVisible = 0;
			defaultConfigurationName = Release;
		};
		40000A232280F7F200B06607 /* Build configuration list for PBXNativeTarget "Suvrvey" */ = {
			isa = XCConfigurationList;
			buildConfigurations = (
				40000A242280F7F200B06607 /* Debug */,
				40000A252280F7F200B06607 /* Release */,
			);
			defaultConfigurationIsVisible = 0;
			defaultConfigurationName = Release;
		};
		40000A262280F7F200B06607 /* Build configuration list for PBXNativeTarget "SuvrveyTests" */ = {
			isa = XCConfigurationList;
			buildConfigurations = (
				40000A272280F7F200B06607 /* Debug */,
				40000A282280F7F200B06607 /* Release */,
			);
			defaultConfigurationIsVisible = 0;
			defaultConfigurationName = Release;
		};
		40000A292280F7F200B06607 /* Build configuration list for PBXNativeTarget "SuvrveyUITests" */ = {
			isa = XCConfigurationList;
			buildConfigurations = (
				40000A2A2280F7F200B06607 /* Debug */,
				40000A2B2280F7F200B06607 /* Release */,
			);
			defaultConfigurationIsVisible = 0;
			defaultConfigurationName = Release;
		};
/* End XCConfigurationList section */
	};
	rootObject = 400009F32280F7EE00B06607 /* Project object */;
}
